{
  "version": 4,
  "terraform_version": "1.1.6",
  "serial": 10,
  "lineage": "bcc0fda4-ef34-6a1c-27aa-c787cc939ce1",
  "outputs": {
    "external_ip_address_node01": {
      "value": "130.193.37.191",
      "type": "string"
    },
    "external_ip_address_node02": {
      "value": "51.250.14.243",
      "type": "string"
    },
    "external_ip_address_node03": {
      "value": "130.193.48.185",
      "type": "string"
    },
    "external_ip_address_node04": {
      "value": "130.193.50.105",
      "type": "string"
    },
    "external_ip_address_node05": {
      "value": "130.193.48.248",
      "type": "string"
    },
    "external_ip_address_node06": {
      "value": "130.193.48.170",
      "type": "string"
    },
    "internal_ip_address_node01": {
      "value": "192.168.101.11",
      "type": "string"
    },
    "internal_ip_address_node02": {
      "value": "192.168.101.12",
      "type": "string"
    },
    "internal_ip_address_node03": {
      "value": "192.168.101.13",
      "type": "string"
    },
    "internal_ip_address_node04": {
      "value": "192.168.101.14",
      "type": "string"
    },
    "internal_ip_address_node05": {
      "value": "192.168.101.15",
      "type": "string"
    },
    "internal_ip_address_node06": {
      "value": "192.168.101.16",
      "type": "string"
    }
  },
  "resources": [
    {
      "mode": "managed",
      "type": "local_file",
      "name": "inventory",
      "provider": "provider[\"registry.terraform.io/hashicorp/local\"]",
      "instances": [
        {
          "schema_version": 0,
          "attributes": {
            "content": "# Ansible inventory containing variable values from Terraform.\n# Generated by Terraform.\n\n[nodes:children]\nmanagers\nworkers\n\n[managers:children]\nactive\nstandby\n\n[active]\nnode01.netology.yc ansible_host=130.193.37.191\n\n[standby]\nnode02.netology.yc ansible_host=51.250.14.243\nnode03.netology.yc ansible_host=130.193.48.185\n\n[workers]\nnode04.netology.yc ansible_host=130.193.50.105\nnode05.netology.yc ansible_host=130.193.48.248\nnode06.netology.yc ansible_host=130.193.48.170\n",
            "content_base64": null,
            "directory_permission": "0777",
            "file_permission": "0777",
            "filename": "../ansible/inventory",
            "id": "428435e6c54b088325e95e190b55ddc399cb3a8e",
            "sensitive_content": null,
            "source": null
          },
          "sensitive_attributes": [],
          "private": "bnVsbA==",
          "dependencies": [
            "yandex_compute_instance.node01",
            "yandex_compute_instance.node02",
            "yandex_compute_instance.node03",
            "yandex_compute_instance.node04",
            "yandex_compute_instance.node05",
            "yandex_compute_instance.node06",
            "yandex_vpc_network.default",
            "yandex_vpc_subnet.default"
          ]
        }
      ]
    },
    {
      "mode": "managed",
      "type": "null_resource",
      "name": "cluster",
      "provider": "provider[\"registry.terraform.io/hashicorp/null\"]",
      "instances": []
    },
    {
      "mode": "managed",
      "type": "null_resource",
      "name": "monitoring",
      "provider": "provider[\"registry.terraform.io/hashicorp/null\"]",
      "instances": []
    },
    {
      "mode": "managed",
      "type": "null_resource",
      "name": "sync",
      "provider": "provider[\"registry.terraform.io/hashicorp/null\"]",
      "instances": []
    },
    {
      "mode": "managed",
      "type": "null_resource",
      "name": "wait",
      "provider": "provider[\"registry.terraform.io/hashicorp/null\"]",
      "instances": [
        {
          "schema_version": 0,
          "attributes": {
            "id": "5768346520253578814",
            "triggers": null
          },
          "sensitive_attributes": [],
          "private": "bnVsbA==",
          "dependencies": [
            "local_file.inventory",
            "yandex_compute_instance.node01",
            "yandex_compute_instance.node02",
            "yandex_compute_instance.node03",
            "yandex_compute_instance.node04",
            "yandex_compute_instance.node05",
            "yandex_compute_instance.node06",
            "yandex_vpc_network.default",
            "yandex_vpc_subnet.default"
          ]
        }
      ]
    },
    {
      "mode": "managed",
      "type": "yandex_compute_instance",
      "name": "node01",
      "provider": "provider[\"registry.terraform.io/yandex-cloud/yandex\"]",
      "instances": [
        {
          "schema_version": 1,
          "attributes": {
            "allow_stopping_for_update": true,
            "boot_disk": [
              {
                "auto_delete": true,
                "device_name": "fhmn9hiqvjgan07idsn1",
                "disk_id": "fhmn9hiqvjgan07idsn1",
                "initialize_params": [
                  {
                    "block_size": 4096,
                    "description": "",
                    "image_id": "fd8doobjq4tb5s0q778g",
                    "name": "root-node01",
                    "size": 10,
                    "snapshot_id": "",
                    "type": "network-ssd"
                  }
                ],
                "mode": "READ_WRITE"
              }
            ],
            "created_at": "2022-02-20T17:47:53Z",
            "description": "",
            "folder_id": "b1g2mc1mgba7si9sl1ss",
            "fqdn": "node01.netology.yc",
            "hostname": "node01",
            "id": "fhmh73fkbn3rv58s3vlg",
            "labels": null,
            "metadata": {
              "ssh-keys": "centos:ssh-rsa AAAAB3NzaC1yc2EAAAADAQABAAACAQDcH0vY43QB4y0ApzyW3HtfhzWP3fNyEVdRqJt6IiR1tZlYE/OC2GxTLaHvmt97oF9Kw5IuUWNvpJqn/i2JQitWsJaqIrZNifFns4/cFMF5ZxR2leM9fewWRiPto+8bnKWNSsrgiW08QE8S9HMZI3qn8Rvvj1r/Fcjnv4xlyXJE8gKci1ezhwXuuqWyrYSAk2SfCYCxPLSMjwS+vPkpDwrEgmB5zCsY/OTZ6jp0k1ukovhCLVpE98XelRni65HzjeOxCq++a8ktcYEw4pTPmwddiyxXmB+ikdakDZ+zBv/eDs5OCBvzsgI7rdHtORIjrXURcH1EHSjhkTPc+ZtSnuL4kk7EwQWX5oZ9j+Zk8ESUpjtYJIk/m9KJWcZ0pLrQibw8aDkGpsOYPvqUGbUejMTth7GSjTNXHXuSzo2eiQDuG3iIFtfpKO32UglkfbmxuLUmtwr7cWysR10l5xACAN+Nn5DYVXGqPFYlG14yOrFWd5mnGrw+3HXTYvjMQQrEfqcqaJ8jb52jX27EQoqZNSslstTRWnlr0Ob8lVzsodk6P27ZOCM580c/4UQFCXzzF/c4rLn0M/RFna0qdam/Zp97fB5m4t+n87LeaqJOpYJhFmHHhnsavU4N/a6QmYoaCU0c7kzLxv6UaqHHIi/V52n6yMKZTo9aCadSOu2fJrbGYQ== kudim@inbox.ru\n"
            },
            "name": "node01",
            "network_acceleration_type": "standard",
            "network_interface": [
              {
                "dns_record": [],
                "index": 0,
                "ip_address": "192.168.101.11",
                "ipv4": true,
                "ipv6": false,
                "ipv6_address": "",
                "ipv6_dns_record": [],
                "mac_address": "d0:0d:11:38:df:45",
                "nat": true,
                "nat_dns_record": [],
                "nat_ip_address": "130.193.37.191",
                "nat_ip_version": "IPV4",
                "security_group_ids": [],
                "subnet_id": "e9bejvgfqsoimghp23jk"
              }
            ],
            "placement_policy": [
              {
                "placement_group_id": ""
              }
            ],
            "platform_id": "standard-v1",
            "resources": [
              {
                "core_fraction": 100,
                "cores": 4,
                "gpus": 0,
                "memory": 8
              }
            ],
            "scheduling_policy": [
              {
                "preemptible": false
              }
            ],
            "secondary_disk": [],
            "service_account_id": "",
            "status": "running",
            "timeouts": null,
            "zone": "ru-central1-a"
          },
          "sensitive_attributes": [],
          "private": "eyJlMmJmYjczMC1lY2FhLTExZTYtOGY4OC0zNDM2M2JjN2M0YzAiOnsiY3JlYXRlIjozMDAwMDAwMDAwMDAsImRlbGV0ZSI6MzAwMDAwMDAwMDAwLCJ1cGRhdGUiOjMwMDAwMDAwMDAwMH0sInNjaGVtYV92ZXJzaW9uIjoiMSJ9",
          "dependencies": [
            "yandex_vpc_network.default",
            "yandex_vpc_subnet.default"
          ]
        }
      ]
    },
    {
      "mode": "managed",
      "type": "yandex_compute_instance",
      "name": "node02",
      "provider": "provider[\"registry.terraform.io/yandex-cloud/yandex\"]",
      "instances": [
        {
          "schema_version": 1,
          "attributes": {
            "allow_stopping_for_update": true,
            "boot_disk": [
              {
                "auto_delete": true,
                "device_name": "fhmg10gb6qll5i37o6ip",
                "disk_id": "fhmg10gb6qll5i37o6ip",
                "initialize_params": [
                  {
                    "block_size": 4096,
                    "description": "",
                    "image_id": "fd8doobjq4tb5s0q778g",
                    "name": "root-node02",
                    "size": 10,
                    "snapshot_id": "",
                    "type": "network-ssd"
                  }
                ],
                "mode": "READ_WRITE"
              }
            ],
            "created_at": "2022-02-20T17:47:53Z",
            "description": "",
            "folder_id": "b1g2mc1mgba7si9sl1ss",
            "fqdn": "node02.netology.yc",
            "hostname": "node02",
            "id": "fhm1dm31b0s60dniujc6",
            "labels": null,
            "metadata": {
              "ssh-keys": "centos:ssh-rsa AAAAB3NzaC1yc2EAAAADAQABAAACAQDcH0vY43QB4y0ApzyW3HtfhzWP3fNyEVdRqJt6IiR1tZlYE/OC2GxTLaHvmt97oF9Kw5IuUWNvpJqn/i2JQitWsJaqIrZNifFns4/cFMF5ZxR2leM9fewWRiPto+8bnKWNSsrgiW08QE8S9HMZI3qn8Rvvj1r/Fcjnv4xlyXJE8gKci1ezhwXuuqWyrYSAk2SfCYCxPLSMjwS+vPkpDwrEgmB5zCsY/OTZ6jp0k1ukovhCLVpE98XelRni65HzjeOxCq++a8ktcYEw4pTPmwddiyxXmB+ikdakDZ+zBv/eDs5OCBvzsgI7rdHtORIjrXURcH1EHSjhkTPc+ZtSnuL4kk7EwQWX5oZ9j+Zk8ESUpjtYJIk/m9KJWcZ0pLrQibw8aDkGpsOYPvqUGbUejMTth7GSjTNXHXuSzo2eiQDuG3iIFtfpKO32UglkfbmxuLUmtwr7cWysR10l5xACAN+Nn5DYVXGqPFYlG14yOrFWd5mnGrw+3HXTYvjMQQrEfqcqaJ8jb52jX27EQoqZNSslstTRWnlr0Ob8lVzsodk6P27ZOCM580c/4UQFCXzzF/c4rLn0M/RFna0qdam/Zp97fB5m4t+n87LeaqJOpYJhFmHHhnsavU4N/a6QmYoaCU0c7kzLxv6UaqHHIi/V52n6yMKZTo9aCadSOu2fJrbGYQ== kudim@inbox.ru\n"
            },
            "name": "node02",
            "network_acceleration_type": "standard",
            "network_interface": [
              {
                "dns_record": [],
                "index": 0,
                "ip_address": "192.168.101.12",
                "ipv4": true,
                "ipv6": false,
                "ipv6_address": "",
                "ipv6_dns_record": [],
                "mac_address": "d0:0d:16:d8:61:58",
                "nat": true,
                "nat_dns_record": [],
                "nat_ip_address": "51.250.14.243",
                "nat_ip_version": "IPV4",
                "security_group_ids": [],
                "subnet_id": "e9bejvgfqsoimghp23jk"
              }
            ],
            "placement_policy": [
              {
                "placement_group_id": ""
              }
            ],
            "platform_id": "standard-v1",
            "resources": [
              {
                "core_fraction": 100,
                "cores": 4,
                "gpus": 0,
                "memory": 8
              }
            ],
            "scheduling_policy": [
              {
                "preemptible": false
              }
            ],
            "secondary_disk": [],
            "service_account_id": "",
            "status": "running",
            "timeouts": null,
            "zone": "ru-central1-a"
          },
          "sensitive_attributes": [],
          "private": "eyJlMmJmYjczMC1lY2FhLTExZTYtOGY4OC0zNDM2M2JjN2M0YzAiOnsiY3JlYXRlIjozMDAwMDAwMDAwMDAsImRlbGV0ZSI6MzAwMDAwMDAwMDAwLCJ1cGRhdGUiOjMwMDAwMDAwMDAwMH0sInNjaGVtYV92ZXJzaW9uIjoiMSJ9",
          "dependencies": [
            "yandex_vpc_network.default",
            "yandex_vpc_subnet.default"
          ]
        }
      ]
    },
    {
      "mode": "managed",
      "type": "yandex_compute_instance",
      "name": "node03",
      "provider": "provider[\"registry.terraform.io/yandex-cloud/yandex\"]",
      "instances": [
        {
          "schema_version": 1,
          "attributes": {
            "allow_stopping_for_update": true,
            "boot_disk": [
              {
                "auto_delete": true,
                "device_name": "fhmmjrrrdmpns4lqlaak",
                "disk_id": "fhmmjrrrdmpns4lqlaak",
                "initialize_params": [
                  {
                    "block_size": 4096,
                    "description": "",
                    "image_id": "fd8doobjq4tb5s0q778g",
                    "name": "root-node03",
                    "size": 10,
                    "snapshot_id": "",
                    "type": "network-ssd"
                  }
                ],
                "mode": "READ_WRITE"
              }
            ],
            "created_at": "2022-02-20T17:47:53Z",
            "description": "",
            "folder_id": "b1g2mc1mgba7si9sl1ss",
            "fqdn": "node03.netology.yc",
            "hostname": "node03",
            "id": "fhmp2uhr6976j3lt49uk",
            "labels": null,
            "metadata": {
              "ssh-keys": "centos:ssh-rsa AAAAB3NzaC1yc2EAAAADAQABAAACAQDcH0vY43QB4y0ApzyW3HtfhzWP3fNyEVdRqJt6IiR1tZlYE/OC2GxTLaHvmt97oF9Kw5IuUWNvpJqn/i2JQitWsJaqIrZNifFns4/cFMF5ZxR2leM9fewWRiPto+8bnKWNSsrgiW08QE8S9HMZI3qn8Rvvj1r/Fcjnv4xlyXJE8gKci1ezhwXuuqWyrYSAk2SfCYCxPLSMjwS+vPkpDwrEgmB5zCsY/OTZ6jp0k1ukovhCLVpE98XelRni65HzjeOxCq++a8ktcYEw4pTPmwddiyxXmB+ikdakDZ+zBv/eDs5OCBvzsgI7rdHtORIjrXURcH1EHSjhkTPc+ZtSnuL4kk7EwQWX5oZ9j+Zk8ESUpjtYJIk/m9KJWcZ0pLrQibw8aDkGpsOYPvqUGbUejMTth7GSjTNXHXuSzo2eiQDuG3iIFtfpKO32UglkfbmxuLUmtwr7cWysR10l5xACAN+Nn5DYVXGqPFYlG14yOrFWd5mnGrw+3HXTYvjMQQrEfqcqaJ8jb52jX27EQoqZNSslstTRWnlr0Ob8lVzsodk6P27ZOCM580c/4UQFCXzzF/c4rLn0M/RFna0qdam/Zp97fB5m4t+n87LeaqJOpYJhFmHHhnsavU4N/a6QmYoaCU0c7kzLxv6UaqHHIi/V52n6yMKZTo9aCadSOu2fJrbGYQ== kudim@inbox.ru\n"
            },
            "name": "node03",
            "network_acceleration_type": "standard",
            "network_interface": [
              {
                "dns_record": [],
                "index": 0,
                "ip_address": "192.168.101.13",
                "ipv4": true,
                "ipv6": false,
                "ipv6_address": "",
                "ipv6_dns_record": [],
                "mac_address": "d0:0d:19:17:a3:b3",
                "nat": true,
                "nat_dns_record": [],
                "nat_ip_address": "130.193.48.185",
                "nat_ip_version": "IPV4",
                "security_group_ids": [],
                "subnet_id": "e9bejvgfqsoimghp23jk"
              }
            ],
            "placement_policy": [
              {
                "placement_group_id": ""
              }
            ],
            "platform_id": "standard-v1",
            "resources": [
              {
                "core_fraction": 100,
                "cores": 4,
                "gpus": 0,
                "memory": 8
              }
            ],
            "scheduling_policy": [
              {
                "preemptible": false
              }
            ],
            "secondary_disk": [],
            "service_account_id": "",
            "status": "running",
            "timeouts": null,
            "zone": "ru-central1-a"
          },
          "sensitive_attributes": [],
          "private": "eyJlMmJmYjczMC1lY2FhLTExZTYtOGY4OC0zNDM2M2JjN2M0YzAiOnsiY3JlYXRlIjozMDAwMDAwMDAwMDAsImRlbGV0ZSI6MzAwMDAwMDAwMDAwLCJ1cGRhdGUiOjMwMDAwMDAwMDAwMH0sInNjaGVtYV92ZXJzaW9uIjoiMSJ9",
          "dependencies": [
            "yandex_vpc_network.default",
            "yandex_vpc_subnet.default"
          ]
        }
      ]
    },
    {
      "mode": "managed",
      "type": "yandex_compute_instance",
      "name": "node04",
      "provider": "provider[\"registry.terraform.io/yandex-cloud/yandex\"]",
      "instances": [
        {
          "schema_version": 1,
          "attributes": {
            "allow_stopping_for_update": true,
            "boot_disk": [
              {
                "auto_delete": true,
                "device_name": "fhms4mhj7jef47r0q5op",
                "disk_id": "fhms4mhj7jef47r0q5op",
                "initialize_params": [
                  {
                    "block_size": 4096,
                    "description": "",
                    "image_id": "fd8doobjq4tb5s0q778g",
                    "name": "root-node04",
                    "size": 40,
                    "snapshot_id": "",
                    "type": "network-ssd"
                  }
                ],
                "mode": "READ_WRITE"
              }
            ],
            "created_at": "2022-02-20T17:47:53Z",
            "description": "",
            "folder_id": "b1g2mc1mgba7si9sl1ss",
            "fqdn": "node04.netology.yc",
            "hostname": "node04",
            "id": "fhmlplro1up6rrg7926r",
            "labels": null,
            "metadata": {
              "ssh-keys": "centos:ssh-rsa AAAAB3NzaC1yc2EAAAADAQABAAACAQDcH0vY43QB4y0ApzyW3HtfhzWP3fNyEVdRqJt6IiR1tZlYE/OC2GxTLaHvmt97oF9Kw5IuUWNvpJqn/i2JQitWsJaqIrZNifFns4/cFMF5ZxR2leM9fewWRiPto+8bnKWNSsrgiW08QE8S9HMZI3qn8Rvvj1r/Fcjnv4xlyXJE8gKci1ezhwXuuqWyrYSAk2SfCYCxPLSMjwS+vPkpDwrEgmB5zCsY/OTZ6jp0k1ukovhCLVpE98XelRni65HzjeOxCq++a8ktcYEw4pTPmwddiyxXmB+ikdakDZ+zBv/eDs5OCBvzsgI7rdHtORIjrXURcH1EHSjhkTPc+ZtSnuL4kk7EwQWX5oZ9j+Zk8ESUpjtYJIk/m9KJWcZ0pLrQibw8aDkGpsOYPvqUGbUejMTth7GSjTNXHXuSzo2eiQDuG3iIFtfpKO32UglkfbmxuLUmtwr7cWysR10l5xACAN+Nn5DYVXGqPFYlG14yOrFWd5mnGrw+3HXTYvjMQQrEfqcqaJ8jb52jX27EQoqZNSslstTRWnlr0Ob8lVzsodk6P27ZOCM580c/4UQFCXzzF/c4rLn0M/RFna0qdam/Zp97fB5m4t+n87LeaqJOpYJhFmHHhnsavU4N/a6QmYoaCU0c7kzLxv6UaqHHIi/V52n6yMKZTo9aCadSOu2fJrbGYQ== kudim@inbox.ru\n"
            },
            "name": "node04",
            "network_acceleration_type": "standard",
            "network_interface": [
              {
                "dns_record": [],
                "index": 0,
                "ip_address": "192.168.101.14",
                "ipv4": true,
                "ipv6": false,
                "ipv6_address": "",
                "ipv6_dns_record": [],
                "mac_address": "d0:0d:15:cd:77:80",
                "nat": true,
                "nat_dns_record": [],
                "nat_ip_address": "130.193.50.105",
                "nat_ip_version": "IPV4",
                "security_group_ids": [],
                "subnet_id": "e9bejvgfqsoimghp23jk"
              }
            ],
            "placement_policy": [
              {
                "placement_group_id": ""
              }
            ],
            "platform_id": "standard-v1",
            "resources": [
              {
                "core_fraction": 100,
                "cores": 4,
                "gpus": 0,
                "memory": 8
              }
            ],
            "scheduling_policy": [
              {
                "preemptible": false
              }
            ],
            "secondary_disk": [],
            "service_account_id": "",
            "status": "running",
            "timeouts": null,
            "zone": "ru-central1-a"
          },
          "sensitive_attributes": [],
          "private": "eyJlMmJmYjczMC1lY2FhLTExZTYtOGY4OC0zNDM2M2JjN2M0YzAiOnsiY3JlYXRlIjozMDAwMDAwMDAwMDAsImRlbGV0ZSI6MzAwMDAwMDAwMDAwLCJ1cGRhdGUiOjMwMDAwMDAwMDAwMH0sInNjaGVtYV92ZXJzaW9uIjoiMSJ9",
          "dependencies": [
            "yandex_vpc_network.default",
            "yandex_vpc_subnet.default"
          ]
        }
      ]
    },
    {
      "mode": "managed",
      "type": "yandex_compute_instance",
      "name": "node05",
      "provider": "provider[\"registry.terraform.io/yandex-cloud/yandex\"]",
      "instances": [
        {
          "schema_version": 1,
          "attributes": {
            "allow_stopping_for_update": true,
            "boot_disk": [
              {
                "auto_delete": true,
                "device_name": "fhmpq476c99j7cp3j777",
                "disk_id": "fhmpq476c99j7cp3j777",
                "initialize_params": [
                  {
                    "block_size": 4096,
                    "description": "",
                    "image_id": "fd8doobjq4tb5s0q778g",
                    "name": "root-node05",
                    "size": 40,
                    "snapshot_id": "",
                    "type": "network-ssd"
                  }
                ],
                "mode": "READ_WRITE"
              }
            ],
            "created_at": "2022-02-20T17:47:53Z",
            "description": "",
            "folder_id": "b1g2mc1mgba7si9sl1ss",
            "fqdn": "node05.netology.yc",
            "hostname": "node05",
            "id": "fhmi7rnoj2flvg9s53mg",
            "labels": null,
            "metadata": {
              "ssh-keys": "centos:ssh-rsa AAAAB3NzaC1yc2EAAAADAQABAAACAQDcH0vY43QB4y0ApzyW3HtfhzWP3fNyEVdRqJt6IiR1tZlYE/OC2GxTLaHvmt97oF9Kw5IuUWNvpJqn/i2JQitWsJaqIrZNifFns4/cFMF5ZxR2leM9fewWRiPto+8bnKWNSsrgiW08QE8S9HMZI3qn8Rvvj1r/Fcjnv4xlyXJE8gKci1ezhwXuuqWyrYSAk2SfCYCxPLSMjwS+vPkpDwrEgmB5zCsY/OTZ6jp0k1ukovhCLVpE98XelRni65HzjeOxCq++a8ktcYEw4pTPmwddiyxXmB+ikdakDZ+zBv/eDs5OCBvzsgI7rdHtORIjrXURcH1EHSjhkTPc+ZtSnuL4kk7EwQWX5oZ9j+Zk8ESUpjtYJIk/m9KJWcZ0pLrQibw8aDkGpsOYPvqUGbUejMTth7GSjTNXHXuSzo2eiQDuG3iIFtfpKO32UglkfbmxuLUmtwr7cWysR10l5xACAN+Nn5DYVXGqPFYlG14yOrFWd5mnGrw+3HXTYvjMQQrEfqcqaJ8jb52jX27EQoqZNSslstTRWnlr0Ob8lVzsodk6P27ZOCM580c/4UQFCXzzF/c4rLn0M/RFna0qdam/Zp97fB5m4t+n87LeaqJOpYJhFmHHhnsavU4N/a6QmYoaCU0c7kzLxv6UaqHHIi/V52n6yMKZTo9aCadSOu2fJrbGYQ== kudim@inbox.ru\n"
            },
            "name": "node05",
            "network_acceleration_type": "standard",
            "network_interface": [
              {
                "dns_record": [],
                "index": 0,
                "ip_address": "192.168.101.15",
                "ipv4": true,
                "ipv6": false,
                "ipv6_address": "",
                "ipv6_dns_record": [],
                "mac_address": "d0:0d:12:3e:ef:89",
                "nat": true,
                "nat_dns_record": [],
                "nat_ip_address": "130.193.48.248",
                "nat_ip_version": "IPV4",
                "security_group_ids": [],
                "subnet_id": "e9bejvgfqsoimghp23jk"
              }
            ],
            "placement_policy": [
              {
                "placement_group_id": ""
              }
            ],
            "platform_id": "standard-v1",
            "resources": [
              {
                "core_fraction": 100,
                "cores": 4,
                "gpus": 0,
                "memory": 8
              }
            ],
            "scheduling_policy": [
              {
                "preemptible": false
              }
            ],
            "secondary_disk": [],
            "service_account_id": "",
            "status": "running",
            "timeouts": null,
            "zone": "ru-central1-a"
          },
          "sensitive_attributes": [],
          "private": "eyJlMmJmYjczMC1lY2FhLTExZTYtOGY4OC0zNDM2M2JjN2M0YzAiOnsiY3JlYXRlIjozMDAwMDAwMDAwMDAsImRlbGV0ZSI6MzAwMDAwMDAwMDAwLCJ1cGRhdGUiOjMwMDAwMDAwMDAwMH0sInNjaGVtYV92ZXJzaW9uIjoiMSJ9",
          "dependencies": [
            "yandex_vpc_network.default",
            "yandex_vpc_subnet.default"
          ]
        }
      ]
    },
    {
      "mode": "managed",
      "type": "yandex_compute_instance",
      "name": "node06",
      "provider": "provider[\"registry.terraform.io/yandex-cloud/yandex\"]",
      "instances": [
        {
          "schema_version": 1,
          "attributes": {
            "allow_stopping_for_update": true,
            "boot_disk": [
              {
                "auto_delete": true,
                "device_name": "fhm30nv3tvi64qi408c5",
                "disk_id": "fhm30nv3tvi64qi408c5",
                "initialize_params": [
                  {
                    "block_size": 4096,
                    "description": "",
                    "image_id": "fd8doobjq4tb5s0q778g",
                    "name": "root-node06",
                    "size": 40,
                    "snapshot_id": "",
                    "type": "network-ssd"
                  }
                ],
                "mode": "READ_WRITE"
              }
            ],
            "created_at": "2022-02-20T17:47:53Z",
            "description": "",
            "folder_id": "b1g2mc1mgba7si9sl1ss",
            "fqdn": "node06.netology.yc",
            "hostname": "node06",
            "id": "fhm5dtr6h27b220a0t0g",
            "labels": null,
            "metadata": {
              "ssh-keys": "centos:ssh-rsa AAAAB3NzaC1yc2EAAAADAQABAAACAQDcH0vY43QB4y0ApzyW3HtfhzWP3fNyEVdRqJt6IiR1tZlYE/OC2GxTLaHvmt97oF9Kw5IuUWNvpJqn/i2JQitWsJaqIrZNifFns4/cFMF5ZxR2leM9fewWRiPto+8bnKWNSsrgiW08QE8S9HMZI3qn8Rvvj1r/Fcjnv4xlyXJE8gKci1ezhwXuuqWyrYSAk2SfCYCxPLSMjwS+vPkpDwrEgmB5zCsY/OTZ6jp0k1ukovhCLVpE98XelRni65HzjeOxCq++a8ktcYEw4pTPmwddiyxXmB+ikdakDZ+zBv/eDs5OCBvzsgI7rdHtORIjrXURcH1EHSjhkTPc+ZtSnuL4kk7EwQWX5oZ9j+Zk8ESUpjtYJIk/m9KJWcZ0pLrQibw8aDkGpsOYPvqUGbUejMTth7GSjTNXHXuSzo2eiQDuG3iIFtfpKO32UglkfbmxuLUmtwr7cWysR10l5xACAN+Nn5DYVXGqPFYlG14yOrFWd5mnGrw+3HXTYvjMQQrEfqcqaJ8jb52jX27EQoqZNSslstTRWnlr0Ob8lVzsodk6P27ZOCM580c/4UQFCXzzF/c4rLn0M/RFna0qdam/Zp97fB5m4t+n87LeaqJOpYJhFmHHhnsavU4N/a6QmYoaCU0c7kzLxv6UaqHHIi/V52n6yMKZTo9aCadSOu2fJrbGYQ== kudim@inbox.ru\n"
            },
            "name": "node06",
            "network_acceleration_type": "standard",
            "network_interface": [
              {
                "dns_record": [],
                "index": 0,
                "ip_address": "192.168.101.16",
                "ipv4": true,
                "ipv6": false,
                "ipv6_address": "",
                "ipv6_dns_record": [],
                "mac_address": "d0:0d:56:f7:66:88",
                "nat": true,
                "nat_dns_record": [],
                "nat_ip_address": "130.193.48.170",
                "nat_ip_version": "IPV4",
                "security_group_ids": [],
                "subnet_id": "e9bejvgfqsoimghp23jk"
              }
            ],
            "placement_policy": [
              {
                "placement_group_id": ""
              }
            ],
            "platform_id": "standard-v1",
            "resources": [
              {
                "core_fraction": 100,
                "cores": 4,
                "gpus": 0,
                "memory": 8
              }
            ],
            "scheduling_policy": [
              {
                "preemptible": false
              }
            ],
            "secondary_disk": [],
            "service_account_id": "",
            "status": "running",
            "timeouts": null,
            "zone": "ru-central1-a"
          },
          "sensitive_attributes": [],
          "private": "eyJlMmJmYjczMC1lY2FhLTExZTYtOGY4OC0zNDM2M2JjN2M0YzAiOnsiY3JlYXRlIjozMDAwMDAwMDAwMDAsImRlbGV0ZSI6MzAwMDAwMDAwMDAwLCJ1cGRhdGUiOjMwMDAwMDAwMDAwMH0sInNjaGVtYV92ZXJzaW9uIjoiMSJ9",
          "dependencies": [
            "yandex_vpc_network.default",
            "yandex_vpc_subnet.default"
          ]
        }
      ]
    },
    {
      "mode": "managed",
      "type": "yandex_vpc_network",
      "name": "default",
      "provider": "provider[\"registry.terraform.io/yandex-cloud/yandex\"]",
      "instances": [
        {
          "schema_version": 0,
          "attributes": {
            "created_at": "2022-02-20T17:47:51Z",
            "default_security_group_id": "",
            "description": "",
            "folder_id": "b1g2mc1mgba7si9sl1ss",
            "id": "enprapk4sf0avg85j4ad",
            "labels": {},
            "name": "net",
            "subnet_ids": [],
            "timeouts": null
          },
          "sensitive_attributes": [],
          "private": "eyJlMmJmYjczMC1lY2FhLTExZTYtOGY4OC0zNDM2M2JjN2M0YzAiOnsiY3JlYXRlIjo2MDAwMDAwMDAwMCwiZGVsZXRlIjo2MDAwMDAwMDAwMCwidXBkYXRlIjo2MDAwMDAwMDAwMH19"
        }
      ]
    },
    {
      "mode": "managed",
      "type": "yandex_vpc_subnet",
      "name": "default",
      "provider": "provider[\"registry.terraform.io/yandex-cloud/yandex\"]",
      "instances": [
        {
          "schema_version": 0,
          "attributes": {
            "created_at": "2022-02-20T17:47:51Z",
            "description": "",
            "dhcp_options": [],
            "folder_id": "b1g2mc1mgba7si9sl1ss",
            "id": "e9bejvgfqsoimghp23jk",
            "labels": {},
            "name": "subnet",
            "network_id": "enprapk4sf0avg85j4ad",
            "route_table_id": "",
            "timeouts": null,
            "v4_cidr_blocks": [
              "192.168.101.0/24"
            ],
            "v6_cidr_blocks": [],
            "zone": "ru-central1-a"
          },
          "sensitive_attributes": [],
          "private": "eyJlMmJmYjczMC1lY2FhLTExZTYtOGY4OC0zNDM2M2JjN2M0YzAiOnsiY3JlYXRlIjoxODAwMDAwMDAwMDAsImRlbGV0ZSI6MTgwMDAwMDAwMDAwLCJ1cGRhdGUiOjE4MDAwMDAwMDAwMH19",
          "dependencies": [
            "yandex_vpc_network.default"
          ]
        }
      ]
    }
  ]
}
